// !$*UTF8*$!
{
	archiveVersion = 1;
	classes = {
	};
	objectVersion = 50;
	objects = {

/* Begin PBXBuildFile section */
		26853E2F2599CFD100E854B4 /* AppDelegate.swift in Sources */ = {isa = PBXBuildFile; fileRef = 26853E2E2599CFD100E854B4 /* AppDelegate.swift */; };
		26853E312599CFD100E854B4 /* SceneDelegate.swift in Sources */ = {isa = PBXBuildFile; fileRef = 26853E302599CFD100E854B4 /* SceneDelegate.swift */; };
		26853E332599CFD100E854B4 /* ConversationsViewController.swift in Sources */ = {isa = PBXBuildFile; fileRef = 26853E322599CFD100E854B4 /* ConversationsViewController.swift */; };
		26853E362599CFD100E854B4 /* Main.storyboard in Resources */ = {isa = PBXBuildFile; fileRef = 26853E342599CFD100E854B4 /* Main.storyboard */; };
		26853E382599CFD900E854B4 /* Assets.xcassets in Resources */ = {isa = PBXBuildFile; fileRef = 26853E372599CFD900E854B4 /* Assets.xcassets */; };
		26853E3B2599CFD900E854B4 /* LaunchScreen.storyboard in Resources */ = {isa = PBXBuildFile; fileRef = 26853E392599CFD900E854B4 /* LaunchScreen.storyboard */; };
		26853E4B2599D29F00E854B4 /* LoginViewController.swift in Sources */ = {isa = PBXBuildFile; fileRef = 26853E4A2599D29F00E854B4 /* LoginViewController.swift */; };
		26853E4E2599D2AE00E854B4 /* RegisterViewController.swift in Sources */ = {isa = PBXBuildFile; fileRef = 26853E4D2599D2AE00E854B4 /* RegisterViewController.swift */; };
		26853E512599D2D600E854B4 /* PhotoViewerViewController.swift in Sources */ = {isa = PBXBuildFile; fileRef = 26853E502599D2D600E854B4 /* PhotoViewerViewController.swift */; };
		26853E542599D2E500E854B4 /* VideoPlayerViewController.swift in Sources */ = {isa = PBXBuildFile; fileRef = 26853E532599D2E500E854B4 /* VideoPlayerViewController.swift */; };
		26853E572599D30700E854B4 /* NewConversationViewController.swift in Sources */ = {isa = PBXBuildFile; fileRef = 26853E562599D30700E854B4 /* NewConversationViewController.swift */; };
		26853E5A2599D31300E854B4 /* ProfileViewController.swift in Sources */ = {isa = PBXBuildFile; fileRef = 26853E592599D31300E854B4 /* ProfileViewController.swift */; };
/* End PBXBuildFile section */

/* Begin PBXFileReference section */
		26853E2B2599CFD100E854B4 /* Messenger.app */ = {isa = PBXFileReference; explicitFileType = wrapper.application; includeInIndex = 0; path = Messenger.app; sourceTree = BUILT_PRODUCTS_DIR; };
		26853E2E2599CFD100E854B4 /* AppDelegate.swift */ = {isa = PBXFileReference; lastKnownFileType = sourcecode.swift; path = AppDelegate.swift; sourceTree = "<group>"; };
		26853E302599CFD100E854B4 /* SceneDelegate.swift */ = {isa = PBXFileReference; lastKnownFileType = sourcecode.swift; path = SceneDelegate.swift; sourceTree = "<group>"; };
		26853E322599CFD100E854B4 /* ConversationsViewController.swift */ = {isa = PBXFileReference; lastKnownFileType = sourcecode.swift; path = ConversationsViewController.swift; sourceTree = "<group>"; };
		26853E352599CFD100E854B4 /* Base */ = {isa = PBXFileReference; lastKnownFileType = file.storyboard; name = Base; path = Base.lproj/Main.storyboard; sourceTree = "<group>"; };
		26853E372599CFD900E854B4 /* Assets.xcassets */ = {isa = PBXFileReference; lastKnownFileType = folder.assetcatalog; path = Assets.xcassets; sourceTree = "<group>"; };
		26853E3A2599CFD900E854B4 /* Base */ = {isa = PBXFileReference; lastKnownFileType = file.storyboard; name = Base; path = Base.lproj/LaunchScreen.storyboard; sourceTree = "<group>"; };
		26853E3C2599CFD900E854B4 /* Info.plist */ = {isa = PBXFileReference; lastKnownFileType = text.plist.xml; path = Info.plist; sourceTree = "<group>"; };
		26853E4A2599D29F00E854B4 /* LoginViewController.swift */ = {isa = PBXFileReference; lastKnownFileType = sourcecode.swift; path = LoginViewController.swift; sourceTree = "<group>"; };
		26853E4D2599D2AE00E854B4 /* RegisterViewController.swift */ = {isa = PBXFileReference; lastKnownFileType = sourcecode.swift; path = RegisterViewController.swift; sourceTree = "<group>"; };
		26853E502599D2D600E854B4 /* PhotoViewerViewController.swift */ = {isa = PBXFileReference; lastKnownFileType = sourcecode.swift; path = PhotoViewerViewController.swift; sourceTree = "<group>"; };
		26853E532599D2E500E854B4 /* VideoPlayerViewController.swift */ = {isa = PBXFileReference; lastKnownFileType = sourcecode.swift; path = VideoPlayerViewController.swift; sourceTree = "<group>"; };
		26853E562599D30700E854B4 /* NewConversationViewController.swift */ = {isa = PBXFileReference; lastKnownFileType = sourcecode.swift; path = NewConversationViewController.swift; sourceTree = "<group>"; };
		26853E592599D31300E854B4 /* ProfileViewController.swift */ = {isa = PBXFileReference; lastKnownFileType = sourcecode.swift; path = ProfileViewController.swift; sourceTree = "<group>"; };
/* End PBXFileReference section */

/* Begin PBXFrameworksBuildPhase section */
		26853E282599CFD100E854B4 /* Frameworks */ = {
			isa = PBXFrameworksBuildPhase;
			buildActionMask = 2147483647;
			files = (
			);
			runOnlyForDeploymentPostprocessing = 0;
		};
/* End PBXFrameworksBuildPhase section */

/* Begin PBXGroup section */
		26853E222599CFD100E854B4 = {
			isa = PBXGroup;
			children = (
				26853E2D2599CFD100E854B4 /* Messenger */,
				26853E2C2599CFD100E854B4 /* Products */,
			);
			sourceTree = "<group>";
		};
		26853E2C2599CFD100E854B4 /* Products */ = {
			isa = PBXGroup;
			children = (
				26853E2B2599CFD100E854B4 /* Messenger.app */,
			);
			name = Products;
			sourceTree = "<group>";
		};
		26853E2D2599CFD100E854B4 /* Messenger */ = {
			isa = PBXGroup;
			children = (
				26853E472599D16500E854B4 /* Resources */,
				26853E462599D15000E854B4 /* ViewModels */,
				26853E452599D14A00E854B4 /* Models */,
				26853E442599D14000E854B4 /* Views */,
				26853E432599D13A00E854B4 /* Controllers */,
				26853E3C2599CFD900E854B4 /* Info.plist */,
			);
			path = Messenger;
			sourceTree = "<group>";
		};
		26853E432599D13A00E854B4 /* Controllers */ = {
			isa = PBXGroup;
			children = (
				26853E322599CFD100E854B4 /* ConversationsViewController.swift */,
				26853E4A2599D29F00E854B4 /* LoginViewController.swift */,
				26853E4D2599D2AE00E854B4 /* RegisterViewController.swift */,
				26853E502599D2D600E854B4 /* PhotoViewerViewController.swift */,
				26853E532599D2E500E854B4 /* VideoPlayerViewController.swift */,
				26853E562599D30700E854B4 /* NewConversationViewController.swift */,
				26853E592599D31300E854B4 /* ProfileViewController.swift */,
			);
			path = Controllers;
			sourceTree = "<group>";
		};
		26853E442599D14000E854B4 /* Views */ = {
			isa = PBXGroup;
			children = (
				26853E482599D18B00E854B4 /* Storyboards */,
				26853E372599CFD900E854B4 /* Assets.xcassets */,
			);
			path = Views;
			sourceTree = "<group>";
		};
		26853E452599D14A00E854B4 /* Models */ = {
			isa = PBXGroup;
			children = (
			);
			path = Models;
			sourceTree = "<group>";
		};
		26853E462599D15000E854B4 /* ViewModels */ = {
			isa = PBXGroup;
			children = (
			);
			path = ViewModels;
			sourceTree = "<group>";
		};
		26853E472599D16500E854B4 /* Resources */ = {
			isa = PBXGroup;
			children = (
				26853E2E2599CFD100E854B4 /* AppDelegate.swift */,
				26853E302599CFD100E854B4 /* SceneDelegate.swift */,
			);
			path = Resources;
			sourceTree = "<group>";
		};
		26853E482599D18B00E854B4 /* Storyboards */ = {
			isa = PBXGroup;
			children = (
				26853E342599CFD100E854B4 /* Main.storyboard */,
				26853E392599CFD900E854B4 /* LaunchScreen.storyboard */,
			);
			path = Storyboards;
			sourceTree = "<group>";
		};
/* End PBXGroup section */

/* Begin PBXNativeTarget section */
		26853E2A2599CFD100E854B4 /* Messenger */ = {
			isa = PBXNativeTarget;
			buildConfigurationList = 26853E3F2599CFD900E854B4 /* Build configuration list for PBXNativeTarget "Messenger" */;
			buildPhases = (
				26853E272599CFD100E854B4 /* Sources */,
				26853E282599CFD100E854B4 /* Frameworks */,
				26853E292599CFD100E854B4 /* Resources */,
			);
			buildRules = (
			);
			dependencies = (
			);
			name = Messenger;
			productName = Messenger;
			productReference = 26853E2B2599CFD100E854B4 /* Messenger.app */;
			productType = "com.apple.product-type.application";
		};
/* End PBXNativeTarget section */

/* Begin PBXProject section */
		26853E232599CFD100E854B4 /* Project object */ = {
			isa = PBXProject;
			attributes = {
				LastSwiftUpdateCheck = 1210;
				LastUpgradeCheck = 1210;
				TargetAttributes = {
					26853E2A2599CFD100E854B4 = {
						CreatedOnToolsVersion = 12.1;
					};
				};
			};
			buildConfigurationList = 26853E262599CFD100E854B4 /* Build configuration list for PBXProject "Messenger" */;
			compatibilityVersion = "Xcode 9.3";
			developmentRegion = en;
			hasScannedForEncodings = 0;
			knownRegions = (
				en,
				Base,
			);
			mainGroup = 26853E222599CFD100E854B4;
			productRefGroup = 26853E2C2599CFD100E854B4 /* Products */;
			projectDirPath = "";
			projectRoot = "";
			targets = (
				26853E2A2599CFD100E854B4 /* Messenger */,
			);
		};
/* End PBXProject section */

/* Begin PBXResourcesBuildPhase section */
		26853E292599CFD100E854B4 /* Resources */ = {
			isa = PBXResourcesBuildPhase;
			buildActionMask = 2147483647;
			files = (
				26853E3B2599CFD900E854B4 /* LaunchScreen.storyboard in Resources */,
				26853E382599CFD900E854B4 /* Assets.xcassets in Resources */,
				26853E362599CFD100E854B4 /* Main.storyboard in Resources */,
			);
			runOnlyForDeploymentPostprocessing = 0;
		};
/* End PBXResourcesBuildPhase section */

/* Begin PBXSourcesBuildPhase section */
		26853E272599CFD100E854B4 /* Sources */ = {
			isa = PBXSourcesBuildPhase;
			buildActionMask = 2147483647;
			files = (
				26853E4B2599D29F00E854B4 /* LoginViewController.swift in Sources */,
				26853E4E2599D2AE00E854B4 /* RegisterViewController.swift in Sources */,
				26853E572599D30700E854B4 /* NewConversationViewController.swift in Sources */,
				26853E332599CFD100E854B4 /* ConversationsViewController.swift in Sources */,
				26853E542599D2E500E854B4 /* VideoPlayerViewController.swift in Sources */,
				26853E2F2599CFD100E854B4 /* AppDelegate.swift in Sources */,
				26853E5A2599D31300E854B4 /* ProfileViewController.swift in Sources */,
				26853E312599CFD100E854B4 /* SceneDelegate.swift in Sources */,
				26853E512599D2D600E854B4 /* PhotoViewerViewController.swift in Sources */,
			);
			runOnlyForDeploymentPostprocessing = 0;
		};
/* End PBXSourcesBuildPhase section */

/* Begin PBXVariantGroup section */
		26853E342599CFD100E854B4 /* Main.storyboard */ = {
			isa = PBXVariantGroup;
			children = (
				26853E352599CFD100E854B4 /* Base */,
			);
			name = Main.storyboard;
			sourceTree = "<group>";
		};
		26853E392599CFD900E854B4 /* LaunchScreen.storyboard */ = {
			isa = PBXVariantGroup;
			children = (
				26853E3A2599CFD900E854B4 /* Base */,
			);
			name = LaunchScreen.storyboard;
			sourceTree = "<group>";
		};
/* End PBXVariantGroup section */

/* Begin XCBuildConfiguration section */
		26853E3D2599CFD900E854B4 /* Debug */ = {
			isa = XCBuildConfiguration;
			buildSettings = {
				ALWAYS_SEARCH_USER_PATHS = NO;
				CLANG_ANALYZER_NONNULL = YES;
				CLANG_ANALYZER_NUMBER_OBJECT_CONVERSION = YES_AGGRESSIVE;
				CLANG_CXX_LANGUAGE_STANDARD = "gnu++14";
				CLANG_CXX_LIBRARY = "libc++";
				CLANG_ENABLE_MODULES = YES;
				CLANG_ENABLE_OBJC_ARC = YES;
				CLANG_ENABLE_OBJC_WEAK = YES;
				CLANG_WARN_BLOCK_CAPTURE_AUTORELEASING = YES;
				CLANG_WARN_BOOL_CONVERSION = YES;
				CLANG_WARN_COMMA = YES;
				CLANG_WARN_CONSTANT_CONVERSION = YES;
				CLANG_WARN_DEPRECATED_OBJC_IMPLEMENTATIONS = YES;
				CLANG_WARN_DIRECT_OBJC_ISA_USAGE = YES_ERROR;
				CLANG_WARN_DOCUMENTATION_COMMENTS = YES;
				CLANG_WARN_EMPTY_BODY = YES;
				CLANG_WARN_ENUM_CONVERSION = YES;
				CLANG_WARN_INFINITE_RECURSION = YES;
				CLANG_WARN_INT_CONVERSION = YES;
				CLANG_WARN_NON_LITERAL_NULL_CONVERSION = YES;
				CLANG_WARN_OBJC_IMPLICIT_RETAIN_SELF = YES;
				CLANG_WARN_OBJC_LITERAL_CONVERSION = YES;
				CLANG_WARN_OBJC_ROOT_CLASS = YES_ERROR;
				CLANG_WARN_QUOTED_INCLUDE_IN_FRAMEWORK_HEADER = YES;
				CLANG_WARN_RANGE_LOOP_ANALYSIS = YES;
				CLANG_WARN_STRICT_PROTOTYPES = YES;
				CLANG_WARN_SUSPICIOUS_MOVE = YES;
				CLANG_WARN_UNGUARDED_AVAILABILITY = YES_AGGRESSIVE;
				CLANG_WARN_UNREACHABLE_CODE = YES;
				CLANG_WARN__DUPLICATE_METHOD_MATCH = YES;
				COPY_PHASE_STRIP = NO;
				DEBUG_INFORMATION_FORMAT = dwarf;
				ENABLE_STRICT_OBJC_MSGSEND = YES;
				ENABLE_TESTABILITY = YES;
				GCC_C_LANGUAGE_STANDARD = gnu11;
				GCC_DYNAMIC_NO_PIC = NO;
				GCC_NO_COMMON_BLOCKS = YES;
				GCC_OPTIMIZATION_LEVEL = 0;
				GCC_PREPROCESSOR_DEFINITIONS = (
					"DEBUG=1",
					"$(inherited)",
				);
				GCC_WARN_64_TO_32_BIT_CONVERSION = YES;
				GCC_WARN_ABOUT_RETURN_TYPE = YES_ERROR;
				GCC_WARN_UNDECLARED_SELECTOR = YES;
				GCC_WARN_UNINITIALIZED_AUTOS = YES_AGGRESSIVE;
				GCC_WARN_UNUSED_FUNCTION = YES;
				GCC_WARN_UNUSED_VARIABLE = YES;
				IPHONEOS_DEPLOYMENT_TARGET = 14.1;
				MTL_ENABLE_DEBUG_INFO = INCLUDE_SOURCE;
				MTL_FAST_MATH = YES;
				ONLY_ACTIVE_ARCH = YES;
				SDKROOT = iphoneos;
				SWIFT_ACTIVE_COMPILATION_CONDITIONS = DEBUG;
				SWIFT_OPTIMIZATION_LEVEL = "-Onone";
			};
			name = Debug;
		};
		26853E3E2599CFD900E854B4 /* Release */ = {
			isa = XCBuildConfiguration;
			buildSettings = {
				ALWAYS_SEARCH_USER_PATHS = NO;
				CLANG_ANALYZER_NONNULL = YES;
				CLANG_ANALYZER_NUMBER_OBJECT_CONVERSION = YES_AGGRESSIVE;
				CLANG_CXX_LANGUAGE_STANDARD = "gnu++14";
				CLANG_CXX_LIBRARY = "libc++";
				CLANG_ENABLE_MODULES = YES;
				CLANG_ENABLE_OBJC_ARC = YES;
				CLANG_ENABLE_OBJC_WEAK = YES;
				CLANG_WARN_BLOCK_CAPTURE_AUTORELEASING = YES;
				CLANG_WARN_BOOL_CONVERSION = YES;
				CLANG_WARN_COMMA = YES;
				CLANG_WARN_CONSTANT_CONVERSION = YES;
				CLANG_WARN_DEPRECATED_OBJC_IMPLEMENTATIONS = YES;
				CLANG_WARN_DIRECT_OBJC_ISA_USAGE = YES_ERROR;
				CLANG_WARN_DOCUMENTATION_COMMENTS = YES;
				CLANG_WARN_EMPTY_BODY = YES;
				CLANG_WARN_ENUM_CONVERSION = YES;
				CLANG_WARN_INFINITE_RECURSION = YES;
				CLANG_WARN_INT_CONVERSION = YES;
				CLANG_WARN_NON_LITERAL_NULL_CONVERSION = YES;
				CLANG_WARN_OBJC_IMPLICIT_RETAIN_SELF = YES;
				CLANG_WARN_OBJC_LITERAL_CONVERSION = YES;
				CLANG_WARN_OBJC_ROOT_CLASS = YES_ERROR;
				CLANG_WARN_QUOTED_INCLUDE_IN_FRAMEWORK_HEADER = YES;
				CLANG_WARN_RANGE_LOOP_ANALYSIS = YES;
				CLANG_WARN_STRICT_PROTOTYPES = YES;
				CLANG_WARN_SUSPICIOUS_MOVE = YES;
				CLANG_WARN_UNGUARDED_AVAILABILITY = YES_AGGRESSIVE;
				CLANG_WARN_UNREACHABLE_CODE = YES;
				CLANG_WARN__DUPLICATE_METHOD_MATCH = YES;
				COPY_PHASE_STRIP = NO;
				DEBUG_INFORMATION_FORMAT = "dwarf-with-dsym";
				ENABLE_NS_ASSERTIONS = NO;
				ENABLE_STRICT_OBJC_MSGSEND = YES;
				GCC_C_LANGUAGE_STANDARD = gnu11;
				GCC_NO_COMMON_BLOCKS = YES;
				GCC_WARN_64_TO_32_BIT_CONVERSION = YES;
				GCC_WARN_ABOUT_RETURN_TYPE = YES_ERROR;
				GCC_WARN_UNDECLARED_SELECTOR = YES;
				GCC_WARN_UNINITIALIZED_AUTOS = YES_AGGRESSIVE;
				GCC_WARN_UNUSED_FUNCTION = YES;
				GCC_WARN_UNUSED_VARIABLE = YES;
				IPHONEOS_DEPLOYMENT_TARGET = 14.1;
				MTL_ENABLE_DEBUG_INFO = NO;
				MTL_FAST_MATH = YES;
				SDKROOT = iphoneos;
				SWIFT_COMPILATION_MODE = wholemodule;
				SWIFT_OPTIMIZATION_LEVEL = "-O";
				VALIDATE_PRODUCT = YES;
			};
			name = Release;
		};
		26853E402599CFD900E854B4 /* Debug */ = {
			isa = XCBuildConfiguration;
			buildSettings = {
				ASSETCATALOG_COMPILER_APPICON_NAME = AppIcon;
				ASSETCATALOG_COMPILER_GLOBAL_ACCENT_COLOR_NAME = AccentColor;
				CODE_SIGN_STYLE = Automatic;
				DEVELOPMENT_TEAM = Y8DCAWD753;
				INFOPLIST_FILE = Messenger/Info.plist;
				IPHONEOS_DEPLOYMENT_TARGET = 13.0;
				LD_RUNPATH_SEARCH_PATHS = (
					"$(inherited)",
					"@executable_path/Frameworks",
				);
				PRODUCT_BUNDLE_IDENTIFIER = AndroBI.Messenger;
				PRODUCT_NAME = "$(TARGET_NAME)";
				SWIFT_VERSION = 5.0;
				TARGETED_DEVICE_FAMILY = "1,2";
			};
			name = Debug;
		};
		26853E412599CFD900E854B4 /* Release */ = {
			isa = XCBuildConfiguration;
			buildSettings = {
				ASSETCATALOG_COMPILER_APPICON_NAME = AppIcon;
				ASSETCATALOG_COMPILER_GLOBAL_ACCENT_COLOR_NAME = AccentColor;
				CODE_SIGN_STYLE = Automatic;
				DEVELOPMENT_TEAM = Y8DCAWD753;
				INFOPLIST_FILE = Messenger/Info.plist;
				IPHONEOS_DEPLOYMENT_TARGET = 13.0;
				LD_RUNPATH_SEARCH_PATHS = (
					"$(inherited)",
					"@executable_path/Frameworks",
				);
				PRODUCT_BUNDLE_IDENTIFIER = AndroBI.Messenger;
				PRODUCT_NAME = "$(TARGET_NAME)";
				SWIFT_VERSION = 5.0;
				TARGETED_DEVICE_FAMILY = "1,2";
			};
			name = Release;
		};
/* End XCBuildConfiguration section */

/* Begin XCConfigurationList section */
		26853E262599CFD100E854B4 /* Build configuration list for PBXProject "Messenger" */ = {
			isa = XCConfigurationList;
			buildConfigurations = (
				26853E3D2599CFD900E854B4 /* Debug */,
				26853E3E2599CFD900E854B4 /* Release */,
			);
			defaultConfigurationIsVisible = 0;
			defaultConfigurationName = Release;
		};
		26853E3F2599CFD900E854B4 /* Build configuration list for PBXNativeTarget "Messenger" */ = {
			isa = XCConfigurationList;
			buildConfigurations = (
				26853E402599CFD900E854B4 /* Debug */,
				26853E412599CFD900E854B4 /* Release */,
			);
			defaultConfigurationIsVisible = 0;
			defaultConfigurationName = Release;
		};
/* End XCConfigurationList section */
	};
	rootObject = 26853E232599CFD100E854B4 /* Project object */;
}
